app-id: one.alynx.FlipClock
runtime: org.freedesktop.Platform
runtime-version: "24.08"
sdk: org.freedesktop.Sdk
command: flipclock
finish-args:
  # See <https://docs.flatpak.org/en/latest/sandbox-permissions.html#standard-permissions>.
  # OpenGL rendering.
  - "--device=dri"
  # Share IPC namespace with the host (necessary for X11).
  - "--share=ipc"
  # Show windows using X11, if Wayland is not available.
  - "--socket=fallback-x11"
  # Show windows with Wayland.
  - "--socket=wayland"
modules:
  - name: flipclock
    buildsystem: meson
    sources:
      - type: archive
        url: https://github.com/AlynxZhou/flipclock/archive/v2.10.0.tar.gz
        sha512: 71196c708b845164e22f20fd2b3d2752e877f0084d4e04baf2da34e594e263c30da69d277a78f379ef3b87dccd245201142b2656ee84e692bda395fae5cebdc7
